
Microsoft Visual Studio Solution File, Format Version 12.00
# Visual Studio Version 17
VisualStudioVersion = 17.11.35312.102
MinimumVisualStudioVersion = 10.0.40219.1
Project("{FAE04EC0-301F-11D3-BF4B-00C04F79EFBC}") = "btl", "btl.csproj", "{5AB551B2-1088-4D00-A6E9-9E01FF8D1A56}"
EndProject
Global
	GlobalSection(SolutionConfigurationPlatforms) = preSolution
		Debug|Any CPU = Debug|Any CPU
		Release|Any CPU = Release|Any CPU
	EndGlobalSection
	GlobalSection(ProjectConfigurationPlatforms) = postSolution
		{5AB551B2-1088-4D00-A6E9-9E01FF8D1A56}.Debug|Any CPU.ActiveCfg = Debug|Any CPU
		{5AB551B2-1088-4D00-A6E9-9E01FF8D1A56}.Debug|Any CPU.Build.0 = Debug|Any CPU
		{5AB551B2-1088-4D00-A6E9-9E01FF8D1A56}.Release|Any CPU.ActiveCfg = Release|Any CPU
		{5AB551B2-1088-4D00-A6E9-9E01FF8D1A56}.Release|Any CPU.Build.0 = Release|Any CPU
	EndGlobalSection
	GlobalSection(SolutionProperties) = preSolution
		HideSolutionNode = FALSE
	EndGlobalSection
	GlobalSection(ExtensibilityGlobals) = postSolution
		SolutionGuid = {130255BD-7639-4481-8F54-D5FDA50990ED}
	EndGlobalSection
EndGlobal
